// !$*UTF8*$!
{
	archiveVersion = 1;
	classes = {
	};
	objectVersion = 50;
	objects = {

/* Begin PBXBuildFile section */
		66DB3D7624AC5CEA0047D796 /* AppDelegate.m in Sources */ = {isa = PBXBuildFile; fileRef = 66DB3D7524AC5CEA0047D796 /* AppDelegate.m */; };
		66DB3D7924AC5CEA0047D796 /* SceneDelegate.m in Sources */ = {isa = PBXBuildFile; fileRef = 66DB3D7824AC5CEA0047D796 /* SceneDelegate.m */; };
		66DB3D7C24AC5CEA0047D796 /* ViewController.m in Sources */ = {isa = PBXBuildFile; fileRef = 66DB3D7B24AC5CEA0047D796 /* ViewController.m */; };
		66DB3D7F24AC5CEA0047D796 /* Main.storyboard in Resources */ = {isa = PBXBuildFile; fileRef = 66DB3D7D24AC5CEA0047D796 /* Main.storyboard */; };
		66DB3D8124AC5CEC0047D796 /* Assets.xcassets in Resources */ = {isa = PBXBuildFile; fileRef = 66DB3D8024AC5CEC0047D796 /* Assets.xcassets */; };
		66DB3D8424AC5CEC0047D796 /* LaunchScreen.storyboard in Resources */ = {isa = PBXBuildFile; fileRef = 66DB3D8224AC5CEC0047D796 /* LaunchScreen.storyboard */; };
		66DB3D8724AC5CEC0047D796 /* main.m in Sources */ = {isa = PBXBuildFile; fileRef = 66DB3D8624AC5CEC0047D796 /* main.m */; };
		66DB3D9124AC5CEC0047D796 /* KVO_TestUITests.m in Sources */ = {isa = PBXBuildFile; fileRef = 66DB3D9024AC5CEC0047D796 /* KVO_TestUITests.m */; };
		66DB3D9D24AC5D000047D796 /* MyObject.m in Sources */ = {isa = PBXBuildFile; fileRef = 66DB3D9C24AC5D000047D796 /* MyObject.m */; };
		66DB3DA024AC5D0E0047D796 /* MyObserver.m in Sources */ = {isa = PBXBuildFile; fileRef = 66DB3D9F24AC5D0E0047D796 /* MyObserver.m */; };
/* End PBXBuildFile section */

/* Begin PBXContainerItemProxy section */
		66DB3D8D24AC5CEC0047D796 /* PBXContainerItemProxy */ = {
			isa = PBXContainerItemProxy;
			containerPortal = 66DB3D6924AC5CEA0047D796 /* Project object */;
			proxyType = 1;
			remoteGlobalIDString = 66DB3D7024AC5CEA0047D796;
			remoteInfo = KVO_Test;
		};
/* End PBXContainerItemProxy section */

/* Begin PBXFileReference section */
		66DB3D7124AC5CEA0047D796 /* KVO_Test.app */ = {isa = PBXFileReference; explicitFileType = wrapper.application; includeInIndex = 0; path = KVO_Test.app; sourceTree = BUILT_PRODUCTS_DIR; };
		66DB3D7424AC5CEA0047D796 /* AppDelegate.h */ = {isa = PBXFileReference; lastKnownFileType = sourcecode.c.h; path = AppDelegate.h; sourceTree = "<group>"; };
		66DB3D7524AC5CEA0047D796 /* AppDelegate.m */ = {isa = PBXFileReference; lastKnownFileType = sourcecode.c.objc; path = AppDelegate.m; sourceTree = "<group>"; };
		66DB3D7724AC5CEA0047D796 /* SceneDelegate.h */ = {isa = PBXFileReference; lastKnownFileType = sourcecode.c.h; path = SceneDelegate.h; sourceTree = "<group>"; };
		66DB3D7824AC5CEA0047D796 /* SceneDelegate.m */ = {isa = PBXFileReference; lastKnownFileType = sourcecode.c.objc; path = SceneDelegate.m; sourceTree = "<group>"; };
		66DB3D7A24AC5CEA0047D796 /* ViewController.h */ = {isa = PBXFileReference; lastKnownFileType = sourcecode.c.h; path = ViewController.h; sourceTree = "<group>"; };
		66DB3D7B24AC5CEA0047D796 /* ViewController.m */ = {isa = PBXFileReference; lastKnownFileType = sourcecode.c.objc; path = ViewController.m; sourceTree = "<group>"; };
		66DB3D7E24AC5CEA0047D796 /* Base */ = {isa = PBXFileReference; lastKnownFileType = file.storyboard; name = Base; path = Base.lproj/Main.storyboard; sourceTree = "<group>"; };
		66DB3D8024AC5CEC0047D796 /* Assets.xcassets */ = {isa = PBXFileReference; lastKnownFileType = folder.assetcatalog; path = Assets.xcassets; sourceTree = "<group>"; };
		66DB3D8324AC5CEC0047D796 /* Base */ = {isa = PBXFileReference; lastKnownFileType = file.storyboard; name = Base; path = Base.lproj/LaunchScreen.storyboard; sourceTree = "<group>"; };
		66DB3D8524AC5CEC0047D796 /* Info.plist */ = {isa = PBXFileReference; lastKnownFileType = text.plist.xml; path = Info.plist; sourceTree = "<group>"; };
		66DB3D8624AC5CEC0047D796 /* main.m */ = {isa = PBXFileReference; lastKnownFileType = sourcecode.c.objc; path = main.m; sourceTree = "<group>"; };
		66DB3D8C24AC5CEC0047D796 /* KVO_TestUITests.xctest */ = {isa = PBXFileReference; explicitFileType = wrapper.cfbundle; includeInIndex = 0; path = KVO_TestUITests.xctest; sourceTree = BUILT_PRODUCTS_DIR; };
		66DB3D9024AC5CEC0047D796 /* KVO_TestUITests.m */ = {isa = PBXFileReference; lastKnownFileType = sourcecode.c.objc; path = KVO_TestUITests.m; sourceTree = "<group>"; };
		66DB3D9224AC5CEC0047D796 /* Info.plist */ = {isa = PBXFileReference; lastKnownFileType = text.plist.xml; path = Info.plist; sourceTree = "<group>"; };
		66DB3D9B24AC5D000047D796 /* MyObject.h */ = {isa = PBXFileReference; lastKnownFileType = sourcecode.c.h; path = MyObject.h; sourceTree = "<group>"; };
		66DB3D9C24AC5D000047D796 /* MyObject.m */ = {isa = PBXFileReference; lastKnownFileType = sourcecode.c.objc; path = MyObject.m; sourceTree = "<group>"; };
		66DB3D9E24AC5D0E0047D796 /* MyObserver.h */ = {isa = PBXFileReference; lastKnownFileType = sourcecode.c.h; path = MyObserver.h; sourceTree = "<group>"; };
		66DB3D9F24AC5D0E0047D796 /* MyObserver.m */ = {isa = PBXFileReference; lastKnownFileType = sourcecode.c.objc; path = MyObserver.m; sourceTree = "<group>"; };
/* End PBXFileReference section */

/* Begin PBXFrameworksBuildPhase section */
		66DB3D6E24AC5CEA0047D796 /* Frameworks */ = {
			isa = PBXFrameworksBuildPhase;
			buildActionMask = 2147483647;
			files = (
			);
			runOnlyForDeploymentPostprocessing = 0;
		};
		66DB3D8924AC5CEC0047D796 /* Frameworks */ = {
			isa = PBXFrameworksBuildPhase;
			buildActionMask = 2147483647;
			files = (
			);
			runOnlyForDeploymentPostprocessing = 0;
		};
/* End PBXFrameworksBuildPhase section */

/* Begin PBXGroup section */
		66DB3D6824AC5CEA0047D796 = {
			isa = PBXGroup;
			children = (
				66DB3D7324AC5CEA0047D796 /* KVO_Test */,
				66DB3D8F24AC5CEC0047D796 /* KVO_TestUITests */,
				66DB3D7224AC5CEA0047D796 /* Products */,
			);
			sourceTree = "<group>";
		};
		66DB3D7224AC5CEA0047D796 /* Products */ = {
			isa = PBXGroup;
			children = (
				66DB3D7124AC5CEA0047D796 /* KVO_Test.app */,
				66DB3D8C24AC5CEC0047D796 /* KVO_TestUITests.xctest */,
			);
			name = Products;
			sourceTree = "<group>";
		};
		66DB3D7324AC5CEA0047D796 /* KVO_Test */ = {
			isa = PBXGroup;
			children = (
				66DB3D7424AC5CEA0047D796 /* AppDelegate.h */,
				66DB3D7524AC5CEA0047D796 /* AppDelegate.m */,
				66DB3D7724AC5CEA0047D796 /* SceneDelegate.h */,
				66DB3D7824AC5CEA0047D796 /* SceneDelegate.m */,
				66DB3D7A24AC5CEA0047D796 /* ViewController.h */,
				66DB3D7B24AC5CEA0047D796 /* ViewController.m */,
				66DB3D7D24AC5CEA0047D796 /* Main.storyboard */,
				66DB3D8024AC5CEC0047D796 /* Assets.xcassets */,
				66DB3D8224AC5CEC0047D796 /* LaunchScreen.storyboard */,
				66DB3D8524AC5CEC0047D796 /* Info.plist */,
				66DB3D8624AC5CEC0047D796 /* main.m */,
				66DB3D9B24AC5D000047D796 /* MyObject.h */,
				66DB3D9C24AC5D000047D796 /* MyObject.m */,
				66DB3D9E24AC5D0E0047D796 /* MyObserver.h */,
				66DB3D9F24AC5D0E0047D796 /* MyObserver.m */,
			);
			path = KVO_Test;
			sourceTree = "<group>";
		};
		66DB3D8F24AC5CEC0047D796 /* KVO_TestUITests */ = {
			isa = PBXGroup;
			children = (
				66DB3D9024AC5CEC0047D796 /* KVO_TestUITests.m */,
				66DB3D9224AC5CEC0047D796 /* Info.plist */,
			);
			path = KVO_TestUITests;
			sourceTree = "<group>";
		};
/* End PBXGroup section */

/* Begin PBXNativeTarget section */
		66DB3D7024AC5CEA0047D796 /* KVO_Test */ = {
			isa = PBXNativeTarget;
			buildConfigurationList = 66DB3D9524AC5CEC0047D796 /* Build configuration list for PBXNativeTarget "KVO_Test" */;
			buildPhases = (
				66DB3D6D24AC5CEA0047D796 /* Sources */,
				66DB3D6E24AC5CEA0047D796 /* Frameworks */,
				66DB3D6F24AC5CEA0047D796 /* Resources */,
			);
			buildRules = (
			);
			dependencies = (
			);
			name = KVO_Test;
			productName = KVO_Test;
			productReference = 66DB3D7124AC5CEA0047D796 /* KVO_Test.app */;
			productType = "com.apple.product-type.application";
		};
		66DB3D8B24AC5CEC0047D796 /* KVO_TestUITests */ = {
			isa = PBXNativeTarget;
			buildConfigurationList = 66DB3D9824AC5CEC0047D796 /* Build configuration list for PBXNativeTarget "KVO_TestUITests" */;
			buildPhases = (
				66DB3D8824AC5CEC0047D796 /* Sources */,
				66DB3D8924AC5CEC0047D796 /* Frameworks */,
				66DB3D8A24AC5CEC0047D796 /* Resources */,
			);
			buildRules = (
			);
			dependencies = (
				66DB3D8E24AC5CEC0047D796 /* PBXTargetDependency */,
			);
			name = KVO_TestUITests;
			productName = KVO_TestUITests;
			productReference = 66DB3D8C24AC5CEC0047D796 /* KVO_TestUITests.xctest */;
			productType = "com.apple.product-type.bundle.ui-testing";
		};
/* End PBXNativeTarget section */

/* Begin PBXProject section */
		66DB3D6924AC5CEA0047D796 /* Project object */ = {
			isa = PBXProject;
			attributes = {
				LastUpgradeCheck = 1150;
				ORGANIZATIONNAME = YoungEE;
				TargetAttributes = {
					66DB3D7024AC5CEA0047D796 = {
						CreatedOnToolsVersion = 11.5;
					};
					66DB3D8B24AC5CEC0047D796 = {
						CreatedOnToolsVersion = 11.5;
						TestTargetID = 66DB3D7024AC5CEA0047D796;
					};
				};
			};
			buildConfigurationList = 66DB3D6C24AC5CEA0047D796 /* Build configuration list for PBXProject "KVO_Test" */;
			compatibilityVersion = "Xcode 9.3";
			developmentRegion = en;
			hasScannedForEncodings = 0;
			knownRegions = (
				en,
				Base,
			);
			mainGroup = 66DB3D6824AC5CEA0047D796;
			productRefGroup = 66DB3D7224AC5CEA0047D796 /* Products */;
			projectDirPath = "";
			projectRoot = "";
			targets = (
				66DB3D7024AC5CEA0047D796 /* KVO_Test */,
				66DB3D8B24AC5CEC0047D796 /* KVO_TestUITests */,
			);
		};
/* End PBXProject section */

/* Begin PBXResourcesBuildPhase section */
		66DB3D6F24AC5CEA0047D796 /* Resources */ = {
			isa = PBXResourcesBuildPhase;
			buildActionMask = 2147483647;
			files = (
				66DB3D8424AC5CEC0047D796 /* LaunchScreen.storyboard in Resources */,
				66DB3D8124AC5CEC0047D796 /* Assets.xcassets in Resources */,
				66DB3D7F24AC5CEA0047D796 /* Main.storyboard in Resources */,
			);
			runOnlyForDeploymentPostprocessing = 0;
		};
		66DB3D8A24AC5CEC0047D796 /* Resources */ = {
			isa = PBXResourcesBuildPhase;
			buildActionMask = 2147483647;
			files = (
			);
			runOnlyForDeploymentPostprocessing = 0;
		};
/* End PBXResourcesBuildPhase section */

/* Begin PBXSourcesBuildPhase section */
		66DB3D6D24AC5CEA0047D796 /* Sources */ = {
			isa = PBXSourcesBuildPhase;
			buildActionMask = 2147483647;
			files = (
				66DB3D7C24AC5CEA0047D796 /* ViewController.m in Sources */,
				66DB3D7624AC5CEA0047D796 /* AppDelegate.m in Sources */,
				66DB3D8724AC5CEC0047D796 /* main.m in Sources */,
				66DB3D7924AC5CEA0047D796 /* SceneDelegate.m in Sources */,
				66DB3D9D24AC5D000047D796 /* MyObject.m in Sources */,
				66DB3DA024AC5D0E0047D796 /* MyObserver.m in Sources */,
			);
			runOnlyForDeploymentPostprocessing = 0;
		};
		66DB3D8824AC5CEC0047D796 /* Sources */ = {
			isa = PBXSourcesBuildPhase;
			buildActionMask = 2147483647;
			files = (
				66DB3D9124AC5CEC0047D796 /* KVO_TestUITests.m in Sources */,
			);
			runOnlyForDeploymentPostprocessing = 0;
		};
/* End PBXSourcesBuildPhase section */

/* Begin PBXTargetDependency section */
		66DB3D8E24AC5CEC0047D796 /* PBXTargetDependency */ = {
			isa = PBXTargetDependency;
			target = 66DB3D7024AC5CEA0047D796 /* KVO_Test */;
			targetProxy = 66DB3D8D24AC5CEC0047D796 /* PBXContainerItemProxy */;
		};
/* End PBXTargetDependency section */

/* Begin PBXVariantGroup section */
		66DB3D7D24AC5CEA0047D796 /* Main.storyboard */ = {
			isa = PBXVariantGroup;
			children = (
				66DB3D7E24AC5CEA0047D796 /* Base */,
			);
			name = Main.storyboard;
			sourceTree = "<group>";
		};
		66DB3D8224AC5CEC0047D796 /* LaunchScreen.storyboard */ = {
			isa = PBXVariantGroup;
			children = (
				66DB3D8324AC5CEC0047D796 /* Base */,
			);
			name = LaunchScreen.storyboard;
			sourceTree = "<group>";
		};
/* End PBXVariantGroup section */

/* Begin XCBuildConfiguration section */
		66DB3D9324AC5CEC0047D796 /* Debug */ = {
			isa = XCBuildConfiguration;
			buildSettings = {
				ALWAYS_SEARCH_USER_PATHS = NO;
				CLANG_ANALYZER_NONNULL = YES;
				CLANG_ANALYZER_NUMBER_OBJECT_CONVERSION = YES_AGGRESSIVE;
				CLANG_CXX_LANGUAGE_STANDARD = "gnu++14";
				CLANG_CXX_LIBRARY = "libc++";
				CLANG_ENABLE_MODULES = YES;
				CLANG_ENABLE_OBJC_ARC = YES;
				CLANG_ENABLE_OBJC_WEAK = YES;
				CLANG_WARN_BLOCK_CAPTURE_AUTORELEASING = YES;
				CLANG_WARN_BOOL_CONVERSION = YES;
				CLANG_WARN_COMMA = YES;
				CLANG_WARN_CONSTANT_CONVERSION = YES;
				CLANG_WARN_DEPRECATED_OBJC_IMPLEMENTATIONS = YES;
				CLANG_WARN_DIRECT_OBJC_ISA_USAGE = YES_ERROR;
				CLANG_WARN_DOCUMENTATION_COMMENTS = YES;
				CLANG_WARN_EMPTY_BODY = YES;
				CLANG_WARN_ENUM_CONVERSION = YES;
				CLANG_WARN_INFINITE_RECURSION = YES;
				CLANG_WARN_INT_CONVERSION = YES;
				CLANG_WARN_NON_LITERAL_NULL_CONVERSION = YES;
				CLANG_WARN_OBJC_IMPLICIT_RETAIN_SELF = YES;
				CLANG_WARN_OBJC_LITERAL_CONVERSION = YES;
				CLANG_WARN_OBJC_ROOT_CLASS = YES_ERROR;
				CLANG_WARN_RANGE_LOOP_ANALYSIS = YES;
				CLANG_WARN_STRICT_PROTOTYPES = YES;
				CLANG_WARN_SUSPICIOUS_MOVE = YES;
				CLANG_WARN_UNGUARDED_AVAILABILITY = YES_AGGRESSIVE;
				CLANG_WARN_UNREACHABLE_CODE = YES;
				CLANG_WARN__DUPLICATE_METHOD_MATCH = YES;
				COPY_PHASE_STRIP = NO;
				DEBUG_INFORMATION_FORMAT = dwarf;
				ENABLE_STRICT_OBJC_MSGSEND = YES;
				ENABLE_TESTABILITY = YES;
				GCC_C_LANGUAGE_STANDARD = gnu11;
				GCC_DYNAMIC_NO_PIC = NO;
				GCC_NO_COMMON_BLOCKS = YES;
				GCC_OPTIMIZATION_LEVEL = 0;
				GCC_PREPROCESSOR_DEFINITIONS = (
					"DEBUG=1",
					"$(inherited)",
				);
				GCC_WARN_64_TO_32_BIT_CONVERSION = YES;
				GCC_WARN_ABOUT_RETURN_TYPE = YES_ERROR;
				GCC_WARN_UNDECLARED_SELECTOR = YES;
				GCC_WARN_UNINITIALIZED_AUTOS = YES_AGGRESSIVE;
				GCC_WARN_UNUSED_FUNCTION = YES;
				GCC_WARN_UNUSED_VARIABLE = YES;
				IPHONEOS_DEPLOYMENT_TARGET = 13.5;
				MTL_ENABLE_DEBUG_INFO = INCLUDE_SOURCE;
				MTL_FAST_MATH = YES;
				ONLY_ACTIVE_ARCH = YES;
				SDKROOT = iphoneos;
			};
			name = Debug;
		};
		66DB3D9424AC5CEC0047D796 /* Release */ = {
			isa = XCBuildConfiguration;
			buildSettings = {
				ALWAYS_SEARCH_USER_PATHS = NO;
				CLANG_ANALYZER_NONNULL = YES;
				CLANG_ANALYZER_NUMBER_OBJECT_CONVERSION = YES_AGGRESSIVE;
				CLANG_CXX_LANGUAGE_STANDARD = "gnu++14";
				CLANG_CXX_LIBRARY = "libc++";
				CLANG_ENABLE_MODULES = YES;
				CLANG_ENABLE_OBJC_ARC = YES;
				CLANG_ENABLE_OBJC_WEAK = YES;
				CLANG_WARN_BLOCK_CAPTURE_AUTORELEASING = YES;
				CLANG_WARN_BOOL_CONVERSION = YES;
				CLANG_WARN_COMMA = YES;
				CLANG_WARN_CONSTANT_CONVERSION = YES;
				CLANG_WARN_DEPRECATED_OBJC_IMPLEMENTATIONS = YES;
				CLANG_WARN_DIRECT_OBJC_ISA_USAGE = YES_ERROR;
				CLANG_WARN_DOCUMENTATION_COMMENTS = YES;
				CLANG_WARN_EMPTY_BODY = YES;
				CLANG_WARN_ENUM_CONVERSION = YES;
				CLANG_WARN_INFINITE_RECURSION = YES;
				CLANG_WARN_INT_CONVERSION = YES;
				CLANG_WARN_NON_LITERAL_NULL_CONVERSION = YES;
				CLANG_WARN_OBJC_IMPLICIT_RETAIN_SELF = YES;
				CLANG_WARN_OBJC_LITERAL_CONVERSION = YES;
				CLANG_WARN_OBJC_ROOT_CLASS = YES_ERROR;
				CLANG_WARN_RANGE_LOOP_ANALYSIS = YES;
				CLANG_WARN_STRICT_PROTOTYPES = YES;
				CLANG_WARN_SUSPICIOUS_MOVE = YES;
				CLANG_WARN_UNGUARDED_AVAILABILITY = YES_AGGRESSIVE;
				CLANG_WARN_UNREACHABLE_CODE = YES;
				CLANG_WARN__DUPLICATE_METHOD_MATCH = YES;
				COPY_PHASE_STRIP = NO;
				DEBUG_INFORMATION_FORMAT = "dwarf-with-dsym";
				ENABLE_NS_ASSERTIONS = NO;
				ENABLE_STRICT_OBJC_MSGSEND = YES;
				GCC_C_LANGUAGE_STANDARD = gnu11;
				GCC_NO_COMMON_BLOCKS = YES;
				GCC_WARN_64_TO_32_BIT_CONVERSION = YES;
				GCC_WARN_ABOUT_RETURN_TYPE = YES_ERROR;
				GCC_WARN_UNDECLARED_SELECTOR = YES;
				GCC_WARN_UNINITIALIZED_AUTOS = YES_AGGRESSIVE;
				GCC_WARN_UNUSED_FUNCTION = YES;
				GCC_WARN_UNUSED_VARIABLE = YES;
				IPHONEOS_DEPLOYMENT_TARGET = 13.5;
				MTL_ENABLE_DEBUG_INFO = NO;
				MTL_FAST_MATH = YES;
				SDKROOT = iphoneos;
				VALIDATE_PRODUCT = YES;
			};
			name = Release;
		};
		66DB3D9624AC5CEC0047D796 /* Debug */ = {
			isa = XCBuildConfiguration;
			buildSettings = {
				ASSETCATALOG_COMPILER_APPICON_NAME = AppIcon;
				CODE_SIGN_STYLE = Automatic;
				DEVELOPMENT_TEAM = GP9H39B6CY;
				INFOPLIST_FILE = KVO_Test/Info.plist;
				LD_RUNPATH_SEARCH_PATHS = (
					"$(inherited)",
					"@executable_path/Frameworks",
				);
				PRODUCT_BUNDLE_IDENTIFIER = "com.lyy.KVO-Test";
				PRODUCT_NAME = "$(TARGET_NAME)";
				TARGETED_DEVICE_FAMILY = "1,2";
			};
			name = Debug;
		};
		66DB3D9724AC5CEC0047D796 /* Release */ = {
			isa = XCBuildConfiguration;
			buildSettings = {
				ASSETCATALOG_COMPILER_APPICON_NAME = AppIcon;
				CODE_SIGN_STYLE = Automatic;
				DEVELOPMENT_TEAM = GP9H39B6CY;
				INFOPLIST_FILE = KVO_Test/Info.plist;
				LD_RUNPATH_SEARCH_PATHS = (
					"$(inherited)",
					"@executable_path/Frameworks",
				);
				PRODUCT_BUNDLE_IDENTIFIER = "com.lyy.KVO-Test";
				PRODUCT_NAME = "$(TARGET_NAME)";
				TARGETED_DEVICE_FAMILY = "1,2";
			};
			name = Release;
		};
		66DB3D9924AC5CEC0047D796 /* Debug */ = {
			isa = XCBuildConfiguration;
			buildSettings = {
				CODE_SIGN_STYLE = Automatic;
				DEVELOPMENT_TEAM = GP9H39B6CY;
				INFOPLIST_FILE = KVO_TestUITests/Info.plist;
				LD_RUNPATH_SEARCH_PATHS = (
					"$(inherited)",
					"@executable_path/Frameworks",
					"@loader_path/Frameworks",
				);
				PRODUCT_BUNDLE_IDENTIFIER = "com.lyy.KVO-TestUITests";
				PRODUCT_NAME = "$(TARGET_NAME)";
				TARGETED_DEVICE_FAMILY = "1,2";
				TEST_TARGET_NAME = KVO_Test;
			};
			name = Debug;
		};
		66DB3D9A24AC5CEC0047D796 /* Release */ = {
			isa = XCBuildConfiguration;
			buildSettings = {
				CODE_SIGN_STYLE = Automatic;
				DEVELOPMENT_TEAM = GP9H39B6CY;
				INFOPLIST_FILE = KVO_TestUITests/Info.plist;
				LD_RUNPATH_SEARCH_PATHS = (
					"$(inherited)",
					"@executable_path/Frameworks",
					"@loader_path/Frameworks",
				);
				PRODUCT_BUNDLE_IDENTIFIER = "com.lyy.KVO-TestUITests";
				PRODUCT_NAME = "$(TARGET_NAME)";
				TARGETED_DEVICE_FAMILY = "1,2";
				TEST_TARGET_NAME = KVO_Test;
			};
			name = Release;
		};
/* End XCBuildConfiguration section */

/* Begin XCConfigurationList section */
		66DB3D6C24AC5CEA0047D796 /* Build configuration list for PBXProject "KVO_Test" */ = {
			isa = XCConfigurationList;
			buildConfigurations = (
				66DB3D9324AC5CEC0047D796 /* Debug */,
				66DB3D9424AC5CEC0047D796 /* Release */,
			);
			defaultConfigurationIsVisible = 0;
			defaultConfigurationName = Release;
		};
		66DB3D9524AC5CEC0047D796 /* Build configuration list for PBXNativeTarget "KVO_Test" */ = {
			isa = XCConfigurationList;
			buildConfigurations = (
				66DB3D9624AC5CEC0047D796 /* Debug */,
				66DB3D9724AC5CEC0047D796 /* Release */,
			);
			defaultConfigurationIsVisible = 0;
			defaultConfigurationName = Release;
		};
		66DB3D9824AC5CEC0047D796 /* Build configuration list for PBXNativeTarget "KVO_TestUITests" */ = {
			isa = XCConfigurationList;
			buildConfigurations = (
				66DB3D9924AC5CEC0047D796 /* Debug */,
				66DB3D9A24AC5CEC0047D796 /* Release */,
			);
			defaultConfigurationIsVisible = 0;
			defaultConfigurationName = Release;
		};
/* End XCConfigurationList section */
	};
	rootObject = 66DB3D6924AC5CEA0047D796 /* Project object */;
}
