// !$*UTF8*$!
{
	archiveVersion = 1;
	classes = {
	};
	objectVersion = 50;
	objects = {

/* Begin PBXBuildFile section */
		66A3046F24625D4D003FA6F6 /* 概念的理解 in Resources */ = {isa = PBXBuildFile; fileRef = 66A3046E24625D4D003FA6F6 /* 概念的理解 */; };
		66A304722462913C003FA6F6 /* KVCController.m in Sources */ = {isa = PBXBuildFile; fileRef = 66A304712462913C003FA6F6 /* KVCController.m */; };
		66A3047524629170003FA6F6 /* PropertyController.m in Sources */ = {isa = PBXBuildFile; fileRef = 66A3047424629170003FA6F6 /* PropertyController.m */; };
		66C54C7524568372000E2E3D /* AppDelegate.m in Sources */ = {isa = PBXBuildFile; fileRef = 66C54C7424568372000E2E3D /* AppDelegate.m */; };
		66C54C7824568372000E2E3D /* SceneDelegate.m in Sources */ = {isa = PBXBuildFile; fileRef = 66C54C7724568372000E2E3D /* SceneDelegate.m */; };
		66C54C7B24568372000E2E3D /* ViewController.m in Sources */ = {isa = PBXBuildFile; fileRef = 66C54C7A24568372000E2E3D /* ViewController.m */; };
		66C54C7E24568372000E2E3D /* Main.storyboard in Resources */ = {isa = PBXBuildFile; fileRef = 66C54C7C24568372000E2E3D /* Main.storyboard */; };
		66C54C8024568373000E2E3D /* Assets.xcassets in Resources */ = {isa = PBXBuildFile; fileRef = 66C54C7F24568373000E2E3D /* Assets.xcassets */; };
		66C54C8324568373000E2E3D /* LaunchScreen.storyboard in Resources */ = {isa = PBXBuildFile; fileRef = 66C54C8124568373000E2E3D /* LaunchScreen.storyboard */; };
		66C54C8624568373000E2E3D /* main.m in Sources */ = {isa = PBXBuildFile; fileRef = 66C54C8524568373000E2E3D /* main.m */; };
		66C54C9024568373000E2E3D /* ____UITests.m in Sources */ = {isa = PBXBuildFile; fileRef = 66C54C8F24568373000E2E3D /* ____UITests.m */; };
/* End PBXBuildFile section */

/* Begin PBXContainerItemProxy section */
		66C54C8C24568373000E2E3D /* PBXContainerItemProxy */ = {
			isa = PBXContainerItemProxy;
			containerPortal = 66C54C6824568372000E2E3D /* Project object */;
			proxyType = 1;
			remoteGlobalIDString = 66C54C6F24568372000E2E3D;
			remoteInfo = "学习代码";
		};
/* End PBXContainerItemProxy section */

/* Begin PBXFileReference section */
		66A3046E24625D4D003FA6F6 /* 概念的理解 */ = {isa = PBXFileReference; lastKnownFileType = text; path = "概念的理解"; sourceTree = "<group>"; };
		66A304702462913C003FA6F6 /* KVCController.h */ = {isa = PBXFileReference; lastKnownFileType = sourcecode.c.h; path = KVCController.h; sourceTree = "<group>"; };
		66A304712462913C003FA6F6 /* KVCController.m */ = {isa = PBXFileReference; lastKnownFileType = sourcecode.c.objc; path = KVCController.m; sourceTree = "<group>"; };
		66A3047324629170003FA6F6 /* PropertyController.h */ = {isa = PBXFileReference; lastKnownFileType = sourcecode.c.h; path = PropertyController.h; sourceTree = "<group>"; };
		66A3047424629170003FA6F6 /* PropertyController.m */ = {isa = PBXFileReference; lastKnownFileType = sourcecode.c.objc; path = PropertyController.m; sourceTree = "<group>"; };
		66C54C7024568372000E2E3D /* 学习代码.app */ = {isa = PBXFileReference; explicitFileType = wrapper.application; includeInIndex = 0; path = "学习代码.app"; sourceTree = BUILT_PRODUCTS_DIR; };
		66C54C7324568372000E2E3D /* AppDelegate.h */ = {isa = PBXFileReference; lastKnownFileType = sourcecode.c.h; path = AppDelegate.h; sourceTree = "<group>"; };
		66C54C7424568372000E2E3D /* AppDelegate.m */ = {isa = PBXFileReference; lastKnownFileType = sourcecode.c.objc; path = AppDelegate.m; sourceTree = "<group>"; };
		66C54C7624568372000E2E3D /* SceneDelegate.h */ = {isa = PBXFileReference; lastKnownFileType = sourcecode.c.h; path = SceneDelegate.h; sourceTree = "<group>"; };
		66C54C7724568372000E2E3D /* SceneDelegate.m */ = {isa = PBXFileReference; lastKnownFileType = sourcecode.c.objc; path = SceneDelegate.m; sourceTree = "<group>"; };
		66C54C7924568372000E2E3D /* ViewController.h */ = {isa = PBXFileReference; lastKnownFileType = sourcecode.c.h; path = ViewController.h; sourceTree = "<group>"; };
		66C54C7A24568372000E2E3D /* ViewController.m */ = {isa = PBXFileReference; lastKnownFileType = sourcecode.c.objc; path = ViewController.m; sourceTree = "<group>"; };
		66C54C7D24568372000E2E3D /* Base */ = {isa = PBXFileReference; lastKnownFileType = file.storyboard; name = Base; path = Base.lproj/Main.storyboard; sourceTree = "<group>"; };
		66C54C7F24568373000E2E3D /* Assets.xcassets */ = {isa = PBXFileReference; lastKnownFileType = folder.assetcatalog; path = Assets.xcassets; sourceTree = "<group>"; };
		66C54C8224568373000E2E3D /* Base */ = {isa = PBXFileReference; lastKnownFileType = file.storyboard; name = Base; path = Base.lproj/LaunchScreen.storyboard; sourceTree = "<group>"; };
		66C54C8424568373000E2E3D /* Info.plist */ = {isa = PBXFileReference; lastKnownFileType = text.plist.xml; path = Info.plist; sourceTree = "<group>"; };
		66C54C8524568373000E2E3D /* main.m */ = {isa = PBXFileReference; lastKnownFileType = sourcecode.c.objc; path = main.m; sourceTree = "<group>"; };
		66C54C8B24568373000E2E3D /* 学习代码UITests.xctest */ = {isa = PBXFileReference; explicitFileType = wrapper.cfbundle; includeInIndex = 0; path = "学习代码UITests.xctest"; sourceTree = BUILT_PRODUCTS_DIR; };
		66C54C8F24568373000E2E3D /* ____UITests.m */ = {isa = PBXFileReference; lastKnownFileType = sourcecode.c.objc; path = "____UITests.m"; sourceTree = "<group>"; };
		66C54C9124568373000E2E3D /* Info.plist */ = {isa = PBXFileReference; lastKnownFileType = text.plist.xml; path = Info.plist; sourceTree = "<group>"; };
/* End PBXFileReference section */

/* Begin PBXFrameworksBuildPhase section */
		66C54C6D24568372000E2E3D /* Frameworks */ = {
			isa = PBXFrameworksBuildPhase;
			buildActionMask = 2147483647;
			files = (
			);
			runOnlyForDeploymentPostprocessing = 0;
		};
		66C54C8824568373000E2E3D /* Frameworks */ = {
			isa = PBXFrameworksBuildPhase;
			buildActionMask = 2147483647;
			files = (
			);
			runOnlyForDeploymentPostprocessing = 0;
		};
/* End PBXFrameworksBuildPhase section */

/* Begin PBXGroup section */
		66C54C6724568372000E2E3D = {
			isa = PBXGroup;
			children = (
				66C54C7224568372000E2E3D /* 学习代码 */,
				66C54C8E24568373000E2E3D /* 学习代码UITests */,
				66C54C7124568372000E2E3D /* Products */,
			);
			sourceTree = "<group>";
		};
		66C54C7124568372000E2E3D /* Products */ = {
			isa = PBXGroup;
			children = (
				66C54C7024568372000E2E3D /* 学习代码.app */,
				66C54C8B24568373000E2E3D /* 学习代码UITests.xctest */,
			);
			name = Products;
			sourceTree = "<group>";
		};
		66C54C7224568372000E2E3D /* 学习代码 */ = {
			isa = PBXGroup;
			children = (
				66C54C9A24568379000E2E3D /* KVC */,
				66C54C7324568372000E2E3D /* AppDelegate.h */,
				66C54C7424568372000E2E3D /* AppDelegate.m */,
				66C54C7624568372000E2E3D /* SceneDelegate.h */,
				66C54C7724568372000E2E3D /* SceneDelegate.m */,
				66C54C7924568372000E2E3D /* ViewController.h */,
				66C54C7A24568372000E2E3D /* ViewController.m */,
				66C54C7C24568372000E2E3D /* Main.storyboard */,
				66C54C7F24568373000E2E3D /* Assets.xcassets */,
				66C54C8124568373000E2E3D /* LaunchScreen.storyboard */,
				66C54C8424568373000E2E3D /* Info.plist */,
				66C54C8524568373000E2E3D /* main.m */,
			);
			path = "学习代码";
			sourceTree = "<group>";
		};
		66C54C8E24568373000E2E3D /* 学习代码UITests */ = {
			isa = PBXGroup;
			children = (
				66C54C8F24568373000E2E3D /* ____UITests.m */,
				66C54C9124568373000E2E3D /* Info.plist */,
			);
			path = "学习代码UITests";
			sourceTree = "<group>";
		};
		66C54C9A24568379000E2E3D /* KVC */ = {
			isa = PBXGroup;
			children = (
				66A3046E24625D4D003FA6F6 /* 概念的理解 */,
				66A304702462913C003FA6F6 /* KVCController.h */,
				66A304712462913C003FA6F6 /* KVCController.m */,
				66A3047324629170003FA6F6 /* PropertyController.h */,
				66A3047424629170003FA6F6 /* PropertyController.m */,
			);
			path = KVC;
			sourceTree = "<group>";
		};
/* End PBXGroup section */

/* Begin PBXNativeTarget section */
		66C54C6F24568372000E2E3D /* 学习代码 */ = {
			isa = PBXNativeTarget;
			buildConfigurationList = 66C54C9424568373000E2E3D /* Build configuration list for PBXNativeTarget "学习代码" */;
			buildPhases = (
				66C54C6C24568372000E2E3D /* Sources */,
				66C54C6D24568372000E2E3D /* Frameworks */,
				66C54C6E24568372000E2E3D /* Resources */,
			);
			buildRules = (
			);
			dependencies = (
			);
			name = "学习代码";
			productName = "学习代码";
			productReference = 66C54C7024568372000E2E3D /* 学习代码.app */;
			productType = "com.apple.product-type.application";
		};
		66C54C8A24568373000E2E3D /* 学习代码UITests */ = {
			isa = PBXNativeTarget;
			buildConfigurationList = 66C54C9724568373000E2E3D /* Build configuration list for PBXNativeTarget "学习代码UITests" */;
			buildPhases = (
				66C54C8724568373000E2E3D /* Sources */,
				66C54C8824568373000E2E3D /* Frameworks */,
				66C54C8924568373000E2E3D /* Resources */,
			);
			buildRules = (
			);
			dependencies = (
				66C54C8D24568373000E2E3D /* PBXTargetDependency */,
			);
			name = "学习代码UITests";
			productName = "学习代码UITests";
			productReference = 66C54C8B24568373000E2E3D /* 学习代码UITests.xctest */;
			productType = "com.apple.product-type.bundle.ui-testing";
		};
/* End PBXNativeTarget section */

/* Begin PBXProject section */
		66C54C6824568372000E2E3D /* Project object */ = {
			isa = PBXProject;
			attributes = {
				LastUpgradeCheck = 1140;
				ORGANIZATIONNAME = YoungEE;
				TargetAttributes = {
					66C54C6F24568372000E2E3D = {
						CreatedOnToolsVersion = 11.4.1;
					};
					66C54C8A24568373000E2E3D = {
						CreatedOnToolsVersion = 11.4.1;
						TestTargetID = 66C54C6F24568372000E2E3D;
					};
				};
			};
			buildConfigurationList = 66C54C6B24568372000E2E3D /* Build configuration list for PBXProject "学习代码" */;
			compatibilityVersion = "Xcode 9.3";
			developmentRegion = en;
			hasScannedForEncodings = 0;
			knownRegions = (
				en,
				Base,
			);
			mainGroup = 66C54C6724568372000E2E3D;
			productRefGroup = 66C54C7124568372000E2E3D /* Products */;
			projectDirPath = "";
			projectRoot = "";
			targets = (
				66C54C6F24568372000E2E3D /* 学习代码 */,
				66C54C8A24568373000E2E3D /* 学习代码UITests */,
			);
		};
/* End PBXProject section */

/* Begin PBXResourcesBuildPhase section */
		66C54C6E24568372000E2E3D /* Resources */ = {
			isa = PBXResourcesBuildPhase;
			buildActionMask = 2147483647;
			files = (
				66C54C8324568373000E2E3D /* LaunchScreen.storyboard in Resources */,
				66A3046F24625D4D003FA6F6 /* 概念的理解 in Resources */,
				66C54C8024568373000E2E3D /* Assets.xcassets in Resources */,
				66C54C7E24568372000E2E3D /* Main.storyboard in Resources */,
			);
			runOnlyForDeploymentPostprocessing = 0;
		};
		66C54C8924568373000E2E3D /* Resources */ = {
			isa = PBXResourcesBuildPhase;
			buildActionMask = 2147483647;
			files = (
			);
			runOnlyForDeploymentPostprocessing = 0;
		};
/* End PBXResourcesBuildPhase section */

/* Begin PBXSourcesBuildPhase section */
		66C54C6C24568372000E2E3D /* Sources */ = {
			isa = PBXSourcesBuildPhase;
			buildActionMask = 2147483647;
			files = (
				66C54C7B24568372000E2E3D /* ViewController.m in Sources */,
				66C54C7524568372000E2E3D /* AppDelegate.m in Sources */,
				66C54C8624568373000E2E3D /* main.m in Sources */,
				66A304722462913C003FA6F6 /* KVCController.m in Sources */,
				66A3047524629170003FA6F6 /* PropertyController.m in Sources */,
				66C54C7824568372000E2E3D /* SceneDelegate.m in Sources */,
			);
			runOnlyForDeploymentPostprocessing = 0;
		};
		66C54C8724568373000E2E3D /* Sources */ = {
			isa = PBXSourcesBuildPhase;
			buildActionMask = 2147483647;
			files = (
				66C54C9024568373000E2E3D /* ____UITests.m in Sources */,
			);
			runOnlyForDeploymentPostprocessing = 0;
		};
/* End PBXSourcesBuildPhase section */

/* Begin PBXTargetDependency section */
		66C54C8D24568373000E2E3D /* PBXTargetDependency */ = {
			isa = PBXTargetDependency;
			target = 66C54C6F24568372000E2E3D /* 学习代码 */;
			targetProxy = 66C54C8C24568373000E2E3D /* PBXContainerItemProxy */;
		};
/* End PBXTargetDependency section */

/* Begin PBXVariantGroup section */
		66C54C7C24568372000E2E3D /* Main.storyboard */ = {
			isa = PBXVariantGroup;
			children = (
				66C54C7D24568372000E2E3D /* Base */,
			);
			name = Main.storyboard;
			sourceTree = "<group>";
		};
		66C54C8124568373000E2E3D /* LaunchScreen.storyboard */ = {
			isa = PBXVariantGroup;
			children = (
				66C54C8224568373000E2E3D /* Base */,
			);
			name = LaunchScreen.storyboard;
			sourceTree = "<group>";
		};
/* End PBXVariantGroup section */

/* Begin XCBuildConfiguration section */
		66C54C9224568373000E2E3D /* Debug */ = {
			isa = XCBuildConfiguration;
			buildSettings = {
				ALWAYS_SEARCH_USER_PATHS = NO;
				CLANG_ANALYZER_NONNULL = YES;
				CLANG_ANALYZER_NUMBER_OBJECT_CONVERSION = YES_AGGRESSIVE;
				CLANG_CXX_LANGUAGE_STANDARD = "gnu++14";
				CLANG_CXX_LIBRARY = "libc++";
				CLANG_ENABLE_MODULES = YES;
				CLANG_ENABLE_OBJC_ARC = YES;
				CLANG_ENABLE_OBJC_WEAK = YES;
				CLANG_WARN_BLOCK_CAPTURE_AUTORELEASING = YES;
				CLANG_WARN_BOOL_CONVERSION = YES;
				CLANG_WARN_COMMA = YES;
				CLANG_WARN_CONSTANT_CONVERSION = YES;
				CLANG_WARN_DEPRECATED_OBJC_IMPLEMENTATIONS = YES;
				CLANG_WARN_DIRECT_OBJC_ISA_USAGE = YES_ERROR;
				CLANG_WARN_DOCUMENTATION_COMMENTS = YES;
				CLANG_WARN_EMPTY_BODY = YES;
				CLANG_WARN_ENUM_CONVERSION = YES;
				CLANG_WARN_INFINITE_RECURSION = YES;
				CLANG_WARN_INT_CONVERSION = YES;
				CLANG_WARN_NON_LITERAL_NULL_CONVERSION = YES;
				CLANG_WARN_OBJC_IMPLICIT_RETAIN_SELF = YES;
				CLANG_WARN_OBJC_LITERAL_CONVERSION = YES;
				CLANG_WARN_OBJC_ROOT_CLASS = YES_ERROR;
				CLANG_WARN_RANGE_LOOP_ANALYSIS = YES;
				CLANG_WARN_STRICT_PROTOTYPES = YES;
				CLANG_WARN_SUSPICIOUS_MOVE = YES;
				CLANG_WARN_UNGUARDED_AVAILABILITY = YES_AGGRESSIVE;
				CLANG_WARN_UNREACHABLE_CODE = YES;
				CLANG_WARN__DUPLICATE_METHOD_MATCH = YES;
				COPY_PHASE_STRIP = NO;
				DEBUG_INFORMATION_FORMAT = dwarf;
				ENABLE_STRICT_OBJC_MSGSEND = YES;
				ENABLE_TESTABILITY = YES;
				GCC_C_LANGUAGE_STANDARD = gnu11;
				GCC_DYNAMIC_NO_PIC = NO;
				GCC_NO_COMMON_BLOCKS = YES;
				GCC_OPTIMIZATION_LEVEL = 0;
				GCC_PREPROCESSOR_DEFINITIONS = (
					"DEBUG=1",
					"$(inherited)",
				);
				GCC_WARN_64_TO_32_BIT_CONVERSION = YES;
				GCC_WARN_ABOUT_RETURN_TYPE = YES_ERROR;
				GCC_WARN_UNDECLARED_SELECTOR = YES;
				GCC_WARN_UNINITIALIZED_AUTOS = YES_AGGRESSIVE;
				GCC_WARN_UNUSED_FUNCTION = YES;
				GCC_WARN_UNUSED_VARIABLE = YES;
				IPHONEOS_DEPLOYMENT_TARGET = 13.4;
				MTL_ENABLE_DEBUG_INFO = INCLUDE_SOURCE;
				MTL_FAST_MATH = YES;
				ONLY_ACTIVE_ARCH = YES;
				SDKROOT = iphoneos;
			};
			name = Debug;
		};
		66C54C9324568373000E2E3D /* Release */ = {
			isa = XCBuildConfiguration;
			buildSettings = {
				ALWAYS_SEARCH_USER_PATHS = NO;
				CLANG_ANALYZER_NONNULL = YES;
				CLANG_ANALYZER_NUMBER_OBJECT_CONVERSION = YES_AGGRESSIVE;
				CLANG_CXX_LANGUAGE_STANDARD = "gnu++14";
				CLANG_CXX_LIBRARY = "libc++";
				CLANG_ENABLE_MODULES = YES;
				CLANG_ENABLE_OBJC_ARC = YES;
				CLANG_ENABLE_OBJC_WEAK = YES;
				CLANG_WARN_BLOCK_CAPTURE_AUTORELEASING = YES;
				CLANG_WARN_BOOL_CONVERSION = YES;
				CLANG_WARN_COMMA = YES;
				CLANG_WARN_CONSTANT_CONVERSION = YES;
				CLANG_WARN_DEPRECATED_OBJC_IMPLEMENTATIONS = YES;
				CLANG_WARN_DIRECT_OBJC_ISA_USAGE = YES_ERROR;
				CLANG_WARN_DOCUMENTATION_COMMENTS = YES;
				CLANG_WARN_EMPTY_BODY = YES;
				CLANG_WARN_ENUM_CONVERSION = YES;
				CLANG_WARN_INFINITE_RECURSION = YES;
				CLANG_WARN_INT_CONVERSION = YES;
				CLANG_WARN_NON_LITERAL_NULL_CONVERSION = YES;
				CLANG_WARN_OBJC_IMPLICIT_RETAIN_SELF = YES;
				CLANG_WARN_OBJC_LITERAL_CONVERSION = YES;
				CLANG_WARN_OBJC_ROOT_CLASS = YES_ERROR;
				CLANG_WARN_RANGE_LOOP_ANALYSIS = YES;
				CLANG_WARN_STRICT_PROTOTYPES = YES;
				CLANG_WARN_SUSPICIOUS_MOVE = YES;
				CLANG_WARN_UNGUARDED_AVAILABILITY = YES_AGGRESSIVE;
				CLANG_WARN_UNREACHABLE_CODE = YES;
				CLANG_WARN__DUPLICATE_METHOD_MATCH = YES;
				COPY_PHASE_STRIP = NO;
				DEBUG_INFORMATION_FORMAT = "dwarf-with-dsym";
				ENABLE_NS_ASSERTIONS = NO;
				ENABLE_STRICT_OBJC_MSGSEND = YES;
				GCC_C_LANGUAGE_STANDARD = gnu11;
				GCC_NO_COMMON_BLOCKS = YES;
				GCC_WARN_64_TO_32_BIT_CONVERSION = YES;
				GCC_WARN_ABOUT_RETURN_TYPE = YES_ERROR;
				GCC_WARN_UNDECLARED_SELECTOR = YES;
				GCC_WARN_UNINITIALIZED_AUTOS = YES_AGGRESSIVE;
				GCC_WARN_UNUSED_FUNCTION = YES;
				GCC_WARN_UNUSED_VARIABLE = YES;
				IPHONEOS_DEPLOYMENT_TARGET = 13.4;
				MTL_ENABLE_DEBUG_INFO = NO;
				MTL_FAST_MATH = YES;
				SDKROOT = iphoneos;
				VALIDATE_PRODUCT = YES;
			};
			name = Release;
		};
		66C54C9524568373000E2E3D /* Debug */ = {
			isa = XCBuildConfiguration;
			buildSettings = {
				ASSETCATALOG_COMPILER_APPICON_NAME = AppIcon;
				CODE_SIGN_STYLE = Automatic;
				DEVELOPMENT_TEAM = GP9H39B6CY;
				INFOPLIST_FILE = "学习代码/Info.plist";
				LD_RUNPATH_SEARCH_PATHS = (
					"$(inherited)",
					"@executable_path/Frameworks",
				);
				PRODUCT_BUNDLE_IDENTIFIER = "com.lyy.----";
				PRODUCT_NAME = "$(TARGET_NAME)";
				TARGETED_DEVICE_FAMILY = "1,2";
			};
			name = Debug;
		};
		66C54C9624568373000E2E3D /* Release */ = {
			isa = XCBuildConfiguration;
			buildSettings = {
				ASSETCATALOG_COMPILER_APPICON_NAME = AppIcon;
				CODE_SIGN_STYLE = Automatic;
				DEVELOPMENT_TEAM = GP9H39B6CY;
				INFOPLIST_FILE = "学习代码/Info.plist";
				LD_RUNPATH_SEARCH_PATHS = (
					"$(inherited)",
					"@executable_path/Frameworks",
				);
				PRODUCT_BUNDLE_IDENTIFIER = "com.lyy.----";
				PRODUCT_NAME = "$(TARGET_NAME)";
				TARGETED_DEVICE_FAMILY = "1,2";
			};
			name = Release;
		};
		66C54C9824568373000E2E3D /* Debug */ = {
			isa = XCBuildConfiguration;
			buildSettings = {
				CODE_SIGN_STYLE = Automatic;
				DEVELOPMENT_TEAM = GP9H39B6CY;
				INFOPLIST_FILE = "学习代码UITests/Info.plist";
				LD_RUNPATH_SEARCH_PATHS = (
					"$(inherited)",
					"@executable_path/Frameworks",
					"@loader_path/Frameworks",
				);
				PRODUCT_BUNDLE_IDENTIFIER = "com.lyy.----UITests";
				PRODUCT_NAME = "$(TARGET_NAME)";
				TARGETED_DEVICE_FAMILY = "1,2";
				TEST_TARGET_NAME = "学习代码";
			};
			name = Debug;
		};
		66C54C9924568373000E2E3D /* Release */ = {
			isa = XCBuildConfiguration;
			buildSettings = {
				CODE_SIGN_STYLE = Automatic;
				DEVELOPMENT_TEAM = GP9H39B6CY;
				INFOPLIST_FILE = "学习代码UITests/Info.plist";
				LD_RUNPATH_SEARCH_PATHS = (
					"$(inherited)",
					"@executable_path/Frameworks",
					"@loader_path/Frameworks",
				);
				PRODUCT_BUNDLE_IDENTIFIER = "com.lyy.----UITests";
				PRODUCT_NAME = "$(TARGET_NAME)";
				TARGETED_DEVICE_FAMILY = "1,2";
				TEST_TARGET_NAME = "学习代码";
			};
			name = Release;
		};
/* End XCBuildConfiguration section */

/* Begin XCConfigurationList section */
		66C54C6B24568372000E2E3D /* Build configuration list for PBXProject "学习代码" */ = {
			isa = XCConfigurationList;
			buildConfigurations = (
				66C54C9224568373000E2E3D /* Debug */,
				66C54C9324568373000E2E3D /* Release */,
			);
			defaultConfigurationIsVisible = 0;
			defaultConfigurationName = Release;
		};
		66C54C9424568373000E2E3D /* Build configuration list for PBXNativeTarget "学习代码" */ = {
			isa = XCConfigurationList;
			buildConfigurations = (
				66C54C9524568373000E2E3D /* Debug */,
				66C54C9624568373000E2E3D /* Release */,
			);
			defaultConfigurationIsVisible = 0;
			defaultConfigurationName = Release;
		};
		66C54C9724568373000E2E3D /* Build configuration list for PBXNativeTarget "学习代码UITests" */ = {
			isa = XCConfigurationList;
			buildConfigurations = (
				66C54C9824568373000E2E3D /* Debug */,
				66C54C9924568373000E2E3D /* Release */,
			);
			defaultConfigurationIsVisible = 0;
			defaultConfigurationName = Release;
		};
/* End XCConfigurationList section */
	};
	rootObject = 66C54C6824568372000E2E3D /* Project object */;
}
